
Microsoft Visual Studio Solution File, Format Version 12.00
# Visual Studio Version 16
VisualStudioVersion = 16.0.31613.86
MinimumVisualStudioVersion = 10.0.40219.1
Project("{FAE04EC0-301F-11D3-BF4B-00C04F79EFBC}") = "JokesApp", "JokesApp.csproj", "{DCE07F93-E475-48C2-B6E9-1DC9295FF673}"
EndProject
Global
	GlobalSection(SolutionConfigurationPlatforms) = preSolution
		Debug|Any CPU = Debug|Any CPU
		Release|Any CPU = Release|Any CPU
	EndGlobalSection
	GlobalSection(ProjectConfigurationPlatforms) = postSolution
		{DCE07F93-E475-48C2-B6E9-1DC9295FF673}.Debug|Any CPU.ActiveCfg = Debug|Any CPU
		{DCE07F93-E475-48C2-B6E9-1DC9295FF673}.Debug|Any CPU.Build.0 = Debug|Any CPU
		{DCE07F93-E475-48C2-B6E9-1DC9295FF673}.Release|Any CPU.ActiveCfg = Release|Any CPU
		{DCE07F93-E475-48C2-B6E9-1DC9295FF673}.Release|Any CPU.Build.0 = Release|Any CPU
	EndGlobalSection
	GlobalSection(SolutionProperties) = preSolution
		HideSolutionNode = FALSE
	EndGlobalSection
	GlobalSection(ExtensibilityGlobals) = postSolution
		SolutionGuid = {605725BE-005D-42A8-AE0D-51C886DA98BA}
	EndGlobalSection
EndGlobal
